schema: '2.0'
stages:
  data_split:
    cmd: uv run src/data/data_split.py
    deps:
    - path: configs/data/
      hash: md5
      md5: a924a9b3be4ee0a41e9bd125110a15aa.dir
      size: 798
      nfiles: 3
    - path: configs/paths/default.yaml
      hash: md5
      md5: 727974e064f0acc7cd32349b6f78da10
      size: 1185
    - path: src/data/data_split.py
      hash: md5
      md5: 1c7f416a5c08a8d437369ccf909e24c3
      size: 3435
    outs:
    - path: datasets/raw
      hash: md5
      md5: bd6dc4d0ff5109e5227c403391dac90c.dir
      size: 1889443507
      nfiles: 25000
  data_processor:
    cmd: uv run src/data/data_processor.py
    deps:
    - path: configs/data/
      hash: md5
      md5: a924a9b3be4ee0a41e9bd125110a15aa.dir
      size: 798
      nfiles: 3
    - path: configs/paths/default.yaml
      hash: md5
      md5: 727974e064f0acc7cd32349b6f78da10
      size: 1185
    - path: src/data/data_processor.py
      hash: md5
      md5: f188c9b9d1f13a0202da60bc6174a861
      size: 3127
    outs:
    - path: datasets/processed
      hash: md5
      md5: 0bb693e8a287ab15413525d0b6c7e726.dir
      size: 2219740845
      nfiles: 25000
  model_trainer:
    cmd: uv run src/train.py
    deps:
    - path: configs/
      hash: md5
      md5: 6ae31584fbd82f65eed6cdf3499e4e8b.dir
      size: 13919
      nfiles: 29
    - path: src/train.py
      hash: md5
      md5: ecec64adcaad83e344c8208bca1462f5
      size: 5809
    outs:
    - path: logs/train/runs
      hash: md5
      md5: 63a26b5864cb00d0ef7a3a31ff500c3d.dir
      size: 45077209
      nfiles: 7
  model_evaluator:
    cmd: uv run src/eval.py
    deps:
    - path: configs/
      hash: md5
      md5: 6ae31584fbd82f65eed6cdf3499e4e8b.dir
      size: 13919
      nfiles: 29
    - path: src/eval.py
      hash: md5
      md5: 11c3b0df70d430d295642b840f823ae6
      size: 5429
    outs:
    - path: logs/evaluation
      hash: md5
      md5: 8e6e07999533ac3431461e3829617ca0.dir
      size: 36539
      nfiles: 5
