schema: '2.0'
stages:
  data_split:
    cmd: uv run src/data/data_split.py
    deps:
    - path: configs/data/
      hash: md5
      md5: 676bc7c0642ca6bfbcb7a2eb29738286.dir
      size: 855
      nfiles: 5
    - path: configs/paths/default.yaml
      hash: md5
      md5: 727974e064f0acc7cd32349b6f78da10
      size: 1185
    - path: src/data/data_split.py
      hash: md5
      md5: 93a66aa92982b645446dbd044355a357
      size: 3013
    outs:
    - path: datasets/raw
      hash: md5
      md5: bd6dc4d0ff5109e5227c403391dac90c.dir
      size: 1889443507
      nfiles: 25000
  data_processor:
    cmd: uv run src/data/data_processor.py
    deps:
    - path: configs/data/
      hash: md5
      md5: 676bc7c0642ca6bfbcb7a2eb29738286.dir
      size: 855
      nfiles: 5
    - path: configs/paths/default.yaml
      hash: md5
      md5: 727974e064f0acc7cd32349b6f78da10
      size: 1185
    - path: src/data/data_processor.py
      hash: md5
      md5: f188c9b9d1f13a0202da60bc6174a861
      size: 3127
    outs:
    - path: datasets/processed
      hash: md5
      md5: 0bb693e8a287ab15413525d0b6c7e726.dir
      size: 2219740845
      nfiles: 25000
  model_trainer:
    cmd: uv run src/train.py
    deps:
    - path: configs/
      hash: md5
      md5: 64debb0aace5f6b4e6d76baf96530496.dir
      size: 13976
      nfiles: 31
    - path: src/train.py
      hash: md5
      md5: ecec64adcaad83e344c8208bca1462f5
      size: 5809
    outs:
    - path: logs/train/runs
      hash: md5
      md5: 2ca19d455785adb4498302dd87f58067.dir
      size: 45075151
      nfiles: 7
  model_evaluator:
    cmd: uv run src/eval.py
    deps:
    - path: configs/
      hash: md5
      md5: 64debb0aace5f6b4e6d76baf96530496.dir
      size: 13976
      nfiles: 31
    - path: src/eval.py
      hash: md5
      md5: 11c3b0df70d430d295642b840f823ae6
      size: 5429
    outs:
    - path: logs/evaluation
      hash: md5
      md5: e4e5a36cf86b79d31b1a4490a7ed3083.dir
      size: 34514
      nfiles: 5
